
Microsoft Visual Studio Solution File, Format Version 12.00
# Visual Studio 15
VisualStudioVersion = 15.0.28307.572
MinimumVisualStudioVersion = 10.0.40219.1
Project("{FAE04EC0-301F-11D3-BF4B-00C04F79EFBC}") = "NASDAQ", "NASDAQ\NASDAQ.csproj", "{74E9AC40-B42C-44E2-8939-9A66577ED81F}"
EndProject
Global
	GlobalSection(SolutionConfigurationPlatforms) = preSolution
		Debug|Any CPU = Debug|Any CPU
		Release|Any CPU = Release|Any CPU
	EndGlobalSection
	GlobalSection(ProjectConfigurationPlatforms) = postSolution
		{74E9AC40-B42C-44E2-8939-9A66577ED81F}.Debug|Any CPU.ActiveCfg = Debug|Any CPU
		{74E9AC40-B42C-44E2-8939-9A66577ED81F}.Debug|Any CPU.Build.0 = Debug|Any CPU
		{74E9AC40-B42C-44E2-8939-9A66577ED81F}.Release|Any CPU.ActiveCfg = Release|Any CPU
		{74E9AC40-B42C-44E2-8939-9A66577ED81F}.Release|Any CPU.Build.0 = Release|Any CPU
	EndGlobalSection
	GlobalSection(SolutionProperties) = preSolution
		HideSolutionNode = FALSE
	EndGlobalSection
	GlobalSection(ExtensibilityGlobals) = postSolution
		SolutionGuid = {34A1A8DD-F1C4-4D82-BC75-B25752120D5B}
	EndGlobalSection
EndGlobal
